
Microsoft Visual Studio Solution File, Format Version 12.00
# Visual Studio 2013
VisualStudioVersion = 12.0.21005.1
MinimumVisualStudioVersion = 10.0.40219.1
Project("{FAE04EC0-301F-11D3-BF4B-00C04F79EFBC}") = "S22DProftaak", "S22DProftaak\S22DProftaak.csproj", "{F5D17D9E-9220-4018-ACF6-A95983EA502D}"
EndProject
Global
	GlobalSection(SolutionConfigurationPlatforms) = preSolution
		Debug|Any CPU = Debug|Any CPU
		Release|Any CPU = Release|Any CPU
	EndGlobalSection
	GlobalSection(ProjectConfigurationPlatforms) = postSolution
		{F5D17D9E-9220-4018-ACF6-A95983EA502D}.Debug|Any CPU.ActiveCfg = Debug|Any CPU
		{F5D17D9E-9220-4018-ACF6-A95983EA502D}.Debug|Any CPU.Build.0 = Debug|Any CPU
		{F5D17D9E-9220-4018-ACF6-A95983EA502D}.Release|Any CPU.ActiveCfg = Release|Any CPU
		{F5D17D9E-9220-4018-ACF6-A95983EA502D}.Release|Any CPU.Build.0 = Release|Any CPU
	EndGlobalSection
	GlobalSection(SolutionProperties) = preSolution
		HideSolutionNode = FALSE
	EndGlobalSection
EndGlobal
